Microsoft Visual Studio Solution File, Format Version 12.00
# Visual Studio Version 16
VisualStudioVersion = 16.0.0.0
MinimumVisualStudioVersion = 16.0.0.0
Project("{9A19103F-16F7-4668-BE54-9A1E7A4F7556}") = "Calendar.Web", "Calendar.Web\Calendar.Web.csproj", "{83626AEC-C24B-4B10-A8D5-CEB80F07A9E0}"
EndProject
Project("{9A19103F-16F7-4668-BE54-9A1E7A4F7556}") = "Calendar.Web.Client", "Calendar.Web.Client\Calendar.Web.Client.csproj", "{3B970E64-049D-4740-9327-3E21DDAD04AE}"
EndProject
Global
	GlobalSection(SolutionConfigurationPlatforms) = preSolution
		Debug|Any CPU = Debug|Any CPU
		Debug|x64 = Debug|x64
		Debug|x86 = Debug|x86
		Release|Any CPU = Release|Any CPU
		Release|x64 = Release|x64
		Release|x86 = Release|x86
	EndGlobalSection
	GlobalSection(ProjectConfigurationPlatforms) = postSolution
		{3B970E64-049D-4740-9327-3E21DDAD04AE}.Debug|Any CPU.ActiveCfg = Debug|Any CPU
		{3B970E64-049D-4740-9327-3E21DDAD04AE}.Debug|Any CPU.Build.0 = Debug|Any CPU
		{3B970E64-049D-4740-9327-3E21DDAD04AE}.Debug|x64.ActiveCfg = Debug|Any CPU
		{3B970E64-049D-4740-9327-3E21DDAD04AE}.Debug|x64.Build.0 = Debug|Any CPU
		{3B970E64-049D-4740-9327-3E21DDAD04AE}.Debug|x86.ActiveCfg = Debug|Any CPU
		{3B970E64-049D-4740-9327-3E21DDAD04AE}.Debug|x86.Build.0 = Debug|Any CPU
		{3B970E64-049D-4740-9327-3E21DDAD04AE}.Release|Any CPU.ActiveCfg = Release|Any CPU
		{3B970E64-049D-4740-9327-3E21DDAD04AE}.Release|Any CPU.Build.0 = Release|Any CPU
		{3B970E64-049D-4740-9327-3E21DDAD04AE}.Release|x64.ActiveCfg = Release|Any CPU
		{3B970E64-049D-4740-9327-3E21DDAD04AE}.Release|x64.Build.0 = Release|Any CPU
		{3B970E64-049D-4740-9327-3E21DDAD04AE}.Release|x86.ActiveCfg = Release|Any CPU
		{3B970E64-049D-4740-9327-3E21DDAD04AE}.Release|x86.Build.0 = Release|Any CPU
		{83626AEC-C24B-4B10-A8D5-CEB80F07A9E0}.Debug|Any CPU.ActiveCfg = Debug|Any CPU
		{83626AEC-C24B-4B10-A8D5-CEB80F07A9E0}.Debug|Any CPU.Build.0 = Debug|Any CPU
		{83626AEC-C24B-4B10-A8D5-CEB80F07A9E0}.Debug|x64.ActiveCfg = Debug|Any CPU
		{83626AEC-C24B-4B10-A8D5-CEB80F07A9E0}.Debug|x64.Build.0 = Debug|Any CPU
		{83626AEC-C24B-4B10-A8D5-CEB80F07A9E0}.Debug|x86.ActiveCfg = Debug|Any CPU
		{83626AEC-C24B-4B10-A8D5-CEB80F07A9E0}.Debug|x86.Build.0 = Debug|Any CPU
		{83626AEC-C24B-4B10-A8D5-CEB80F07A9E0}.Release|Any CPU.ActiveCfg = Release|Any CPU
		{83626AEC-C24B-4B10-A8D5-CEB80F07A9E0}.Release|Any CPU.Build.0 = Release|Any CPU
		{83626AEC-C24B-4B10-A8D5-CEB80F07A9E0}.Release|x64.ActiveCfg = Release|Any CPU
		{83626AEC-C24B-4B10-A8D5-CEB80F07A9E0}.Release|x64.Build.0 = Release|Any CPU
		{83626AEC-C24B-4B10-A8D5-CEB80F07A9E0}.Release|x86.ActiveCfg = Release|Any CPU
		{83626AEC-C24B-4B10-A8D5-CEB80F07A9E0}.Release|x86.Build.0 = Release|Any CPU
	EndGlobalSection
	GlobalSection(SolutionProperties) = preSolution
		HideSolutionNode = FALSE
	EndGlobalSection
	GlobalSection(ExtensibilityGlobals) = postSolution
		SolutionGuid = {A1138673-5752-4BFF-A04D-788BAA8DA5F6}
	EndGlobalSection
EndGlobal
